
Microsoft Visual Studio Solution File, Format Version 12.00
# Visual Studio 15
VisualStudioVersion = 15.0.27019.1
MinimumVisualStudioVersion = 10.0.40219.1
Project("{FAE04EC0-301F-11D3-BF4B-00C04F79EFBC}") = "ResxTools", "ResxTools\ResxTools.csproj", "{A34EA069-D198-4BAF-BDFB-420D876ED720}"
EndProject
Project("{FAE04EC0-301F-11D3-BF4B-00C04F79EFBC}") = "Tests", "Tests\Tests.csproj", "{B60FC529-4C82-42B0-A070-918913C1850E}"
	ProjectSection(ProjectDependencies) = postProject
		{A34EA069-D198-4BAF-BDFB-420D876ED720} = {A34EA069-D198-4BAF-BDFB-420D876ED720}
	EndProjectSection
EndProject
Global
	GlobalSection(SolutionConfigurationPlatforms) = preSolution
		Debug|Any CPU = Debug|Any CPU
		Release|Any CPU = Release|Any CPU
	EndGlobalSection
	GlobalSection(ProjectConfigurationPlatforms) = postSolution
		{A34EA069-D198-4BAF-BDFB-420D876ED720}.Debug|Any CPU.ActiveCfg = Debug|Any CPU
		{A34EA069-D198-4BAF-BDFB-420D876ED720}.Debug|Any CPU.Build.0 = Debug|Any CPU
		{A34EA069-D198-4BAF-BDFB-420D876ED720}.Release|Any CPU.ActiveCfg = Release|Any CPU
		{A34EA069-D198-4BAF-BDFB-420D876ED720}.Release|Any CPU.Build.0 = Release|Any CPU
		{B60FC529-4C82-42B0-A070-918913C1850E}.Debug|Any CPU.ActiveCfg = Debug|Any CPU
		{B60FC529-4C82-42B0-A070-918913C1850E}.Debug|Any CPU.Build.0 = Debug|Any CPU
		{B60FC529-4C82-42B0-A070-918913C1850E}.Release|Any CPU.ActiveCfg = Release|Any CPU
		{B60FC529-4C82-42B0-A070-918913C1850E}.Release|Any CPU.Build.0 = Release|Any CPU
	EndGlobalSection
	GlobalSection(SolutionProperties) = preSolution
		HideSolutionNode = FALSE
	EndGlobalSection
	GlobalSection(ExtensibilityGlobals) = postSolution
		SolutionGuid = {D29FBAE5-4391-4ED1-94FD-36B1CA8F8CE7}
	EndGlobalSection
EndGlobal
